// !$*UTF8*$!
{
	archiveVersion = 1;
	classes = {
	};
	objectVersion = 56;
	objects = {

/* Begin PBXBuildFile section */
		560F0C342BD175EB00067054 /* LoggerUtil.swift in Sources */ = {isa = PBXBuildFile; fileRef = 560F0C332BD175EB00067054 /* LoggerUtil.swift */; };
		561C3C432BAEE2D600FBB3B9 /* String+Error.swift in Sources */ = {isa = PBXBuildFile; fileRef = 561C3C422BAEE2D600FBB3B9 /* String+Error.swift */; };
		5655E42E2BD2C94F00B86C5C /* AppUserDefaults.swift in Sources */ = {isa = PBXBuildFile; fileRef = 5655E42D2BD2C94F00B86C5C /* AppUserDefaults.swift */; };
		56AC03402BB06A2D00A34A00 /* Image+Icon.swift in Sources */ = {isa = PBXBuildFile; fileRef = 56AC033F2BB06A2D00A34A00 /* Image+Icon.swift */; };
		56E2D9322BD01E71006E725D /* NFCPassportReader in Frameworks */ = {isa = PBXBuildFile; productRef = 56E2D9312BD01E71006E725D /* NFCPassportReader */; };
		C71161B32CAAE3DB00ED41EA /* String+BigUInt.swift in Sources */ = {isa = PBXBuildFile; fileRef = C71161B22CAAE3DB00ED41EA /* String+BigUInt.swift */; };
		CE3477622C78892F005E91FE /* View+Align.swift in Sources */ = {isa = PBXBuildFile; fileRef = CE3477612C78892F005E91FE /* View+Align.swift */; };
		CE3C6C092CD5692A000D0481 /* Images.swift in Sources */ = {isa = PBXBuildFile; fileRef = CE3C6C082CD56928000D0481 /* Images.swift */; };
		CE3C6C0E2CD56992000D0481 /* AppView.swift in Sources */ = {isa = PBXBuildFile; fileRef = CE3C6C0D2CD56992000D0481 /* AppView.swift */; };
		CE3C6C112CD569AB000D0481 /* IntroView.swift in Sources */ = {isa = PBXBuildFile; fileRef = CE3C6C102CD569AB000D0481 /* IntroView.swift */; };
		CE3C6C152CD5718E000D0481 /* AppButton.swift in Sources */ = {isa = PBXBuildFile; fileRef = CE3C6C142CD5718E000D0481 /* AppButton.swift */; };
		CE3C6C1C2CD575C5000D0481 /* Inter-SemiBold.ttf in Resources */ = {isa = PBXBuildFile; fileRef = CE3C6C192CD575C5000D0481 /* Inter-SemiBold.ttf */; };
		CE3C6C1D2CD575C5000D0481 /* Inter-Medium.ttf in Resources */ = {isa = PBXBuildFile; fileRef = CE3C6C172CD575C5000D0481 /* Inter-Medium.ttf */; };
		CE3C6C1E2CD575C5000D0481 /* Inter-Regular.ttf in Resources */ = {isa = PBXBuildFile; fileRef = CE3C6C182CD575C5000D0481 /* Inter-Regular.ttf */; };
		CE3C6C1F2CD575C5000D0481 /* Inter-Bold.ttf in Resources */ = {isa = PBXBuildFile; fileRef = CE3C6C162CD575C5000D0481 /* Inter-Bold.ttf */; };
		CE3C6C212CD57618000D0481 /* Fonts.swift in Sources */ = {isa = PBXBuildFile; fileRef = CE3C6C202CD57614000D0481 /* Fonts.swift */; };
		CE3C6C252CD5781E000D0481 /* CapabilitiesView.swift in Sources */ = {isa = PBXBuildFile; fileRef = CE3C6C242CD5781E000D0481 /* CapabilitiesView.swift */; };
		CE3CD3B12C6CEBEF008313B8 /* JSONCodable.swift in Sources */ = {isa = PBXBuildFile; fileRef = CE3CD3B02C6CEBEF008313B8 /* JSONCodable.swift */; };
		CE60F5A82CD7743A00317982 /* BeautyContestView.swift in Sources */ = {isa = PBXBuildFile; fileRef = CE60F5A72CD7743A00317982 /* BeautyContestView.swift */; };
		CE60F5AA2CD77B5500317982 /* BeautyContestView+ViewModel.swift in Sources */ = {isa = PBXBuildFile; fileRef = CE60F5A92CD77B4F00317982 /* BeautyContestView+ViewModel.swift */; };
		CE60F5B02CD7BC7B00317982 /* BeautyContest.swift in Sources */ = {isa = PBXBuildFile; fileRef = CE60F5AF2CD7BC7300317982 /* BeautyContest.swift */; };
		CE60F5B22CD7DC8100317982 /* StaticImages.swift in Sources */ = {isa = PBXBuildFile; fileRef = CE60F5B12CD7DC7E00317982 /* StaticImages.swift */; };
		CE61E8832C24240000940129 /* Semaphore in Frameworks */ = {isa = PBXBuildFile; productRef = CE61E8822C24240000940129 /* Semaphore */; };
		CE68BE3D2BD9B23D00D92EBB /* ZkProof.swift in Sources */ = {isa = PBXBuildFile; fileRef = CE68BE3C2BD9B23D00D92EBB /* ZkProof.swift */; };
		CE68BE452BD9B6EA00D92EBB /* Web3 in Frameworks */ = {isa = PBXBuildFile; productRef = CE68BE442BD9B6EA00D92EBB /* Web3 */; };
		CE68BE472BD9B6EA00D92EBB /* Web3ContractABI in Frameworks */ = {isa = PBXBuildFile; productRef = CE68BE462BD9B6EA00D92EBB /* Web3ContractABI */; };
		CE68BE492BD9B6EA00D92EBB /* Web3PromiseKit in Frameworks */ = {isa = PBXBuildFile; productRef = CE68BE482BD9B6EA00D92EBB /* Web3PromiseKit */; };
		CE72101E2BD7BD9D0043DB7F /* Data+Utf8.swift in Sources */ = {isa = PBXBuildFile; fileRef = CE72101D2BD7BD9D0043DB7F /* Data+Utf8.swift */; };
		CE7210292BD7D0D10043DB7F /* String+Hex.swift in Sources */ = {isa = PBXBuildFile; fileRef = CE7210282BD7D0D10043DB7F /* String+Hex.swift */; };
		CE72102E2BD7F6780043DB7F /* Alamofire in Frameworks */ = {isa = PBXBuildFile; productRef = CE72102D2BD7F6780043DB7F /* Alamofire */; };
		CE7210332BD818020043DB7F /* Double+Rounded.swift in Sources */ = {isa = PBXBuildFile; fileRef = CE7210322BD818020043DB7F /* Double+Rounded.swift */; };
		CE9347732C205B340034885C /* CachedAsyncImage in Frameworks */ = {isa = PBXBuildFile; productRef = CE9347722C205B340034885C /* CachedAsyncImage */; };
		CE99CC2C2CD61FA600245B50 /* AICapabilitiesManifest.swift in Sources */ = {isa = PBXBuildFile; fileRef = CE99CC2B2CD61F9900245B50 /* AICapabilitiesManifest.swift */; };
		CE99CC2F2CD63E1400245B50 /* ProofManager.swift in Sources */ = {isa = PBXBuildFile; fileRef = CE99CC2E2CD63DFB00245B50 /* ProofManager.swift */; };
		CE99CC312CD6473200245B50 /* Config.swift in Sources */ = {isa = PBXBuildFile; fileRef = CE99CC302CD6472F00245B50 /* Config.swift */; };
		CE99CC332CD6482B00245B50 /* API.swift in Sources */ = {isa = PBXBuildFile; fileRef = CE99CC322CD6482800245B50 /* API.swift */; };
		CE99CC352CD6492100245B50 /* AIPermission.swift in Sources */ = {isa = PBXBuildFile; fileRef = CE99CC342CD6491300245B50 /* AIPermission.swift */; };
		CE99CC372CD649F800245B50 /* CapabilitiesView+ViewModel.swift in Sources */ = {isa = PBXBuildFile; fileRef = CE99CC362CD649F800245B50 /* CapabilitiesView+ViewModel.swift */; };
		CE99CC392CD6521D00245B50 /* AppTextField.swift in Sources */ = {isa = PBXBuildFile; fileRef = CE99CC382CD651E800245B50 /* AppTextField.swift */; };
		CE99CC3B2CD6543D00245B50 /* View+Placeholder.swift in Sources */ = {isa = PBXBuildFile; fileRef = CE99CC3A2CD6543700245B50 /* View+Placeholder.swift */; };
		CE99CC3F2CD6601E00245B50 /* ChatView.swift in Sources */ = {isa = PBXBuildFile; fileRef = CE99CC3E2CD6601900245B50 /* ChatView.swift */; };
		CE99CC442CD6762500245B50 /* SettingsView.swift in Sources */ = {isa = PBXBuildFile; fileRef = CE99CC432CD6762500245B50 /* SettingsView.swift */; };
		CE99CC462CD67A3F00245B50 /* Identity.xcframework in Frameworks */ = {isa = PBXBuildFile; fileRef = CE99CC452CD67A3F00245B50 /* Identity.xcframework */; };
		CE99CC482CD67CFC00245B50 /* AppManager.swift in Sources */ = {isa = PBXBuildFile; fileRef = CE99CC472CD67CFA00245B50 /* AppManager.swift */; };
		CE99CC502CD687C300245B50 /* Message.swift in Sources */ = {isa = PBXBuildFile; fileRef = CE99CC4F2CD687C200245B50 /* Message.swift */; };
		CE99CC532CD6888900245B50 /* ChatView+ViewModel.swift in Sources */ = {isa = PBXBuildFile; fileRef = CE99CC522CD6888700245B50 /* ChatView+ViewModel.swift */; };
		CE99CC552CD6A5D900245B50 /* AVManager.swift in Sources */ = {isa = PBXBuildFile; fileRef = CE99CC542CD6A5CF00245B50 /* AVManager.swift */; };
		CE9E82B62BA881F400AAF885 /* ArthurApp.swift in Sources */ = {isa = PBXBuildFile; fileRef = CE9E82B52BA881F400AAF885 /* ArthurApp.swift */; };
		CE9E82BA2BA881F500AAF885 /* Assets.xcassets in Resources */ = {isa = PBXBuildFile; fileRef = CE9E82B92BA881F500AAF885 /* Assets.xcassets */; };
		CEA03F0A2C7C7A17002F218A /* View+IsLoading.swift in Sources */ = {isa = PBXBuildFile; fileRef = CEA03F092C7C7A17002F218A /* View+IsLoading.swift */; };
		CEC562192BD92B3E002D4954 /* libresolv.9.tbd in Frameworks */ = {isa = PBXBuildFile; fileRef = CEC562132BD9281A002D4954 /* libresolv.9.tbd */; };
		CEFF68B72CB685C5008769EA /* Data+FindSubarrayIndex.swift in Sources */ = {isa = PBXBuildFile; fileRef = CEFF68B62CB685C5008769EA /* Data+FindSubarrayIndex.swift */; };
		CEFF68B92CB692A7008769EA /* BN.swift in Sources */ = {isa = PBXBuildFile; fileRef = CEFF68B82CB692A7008769EA /* BN.swift */; };
		CEFF68C12CB6AF46008769EA /* Encodable+json.swift in Sources */ = {isa = PBXBuildFile; fileRef = CEFF68C02CB6AF46008769EA /* Encodable+json.swift */; };
/* End PBXBuildFile section */

/* Begin PBXCopyFilesBuildPhase section */
		CE3D41D22C779BC400D0AA65 /* Embed Foundation Extensions */ = {
			isa = PBXCopyFilesBuildPhase;
			buildActionMask = 2147483647;
			dstPath = "";
			dstSubfolderSpec = 13;
			files = (
			);
			name = "Embed Foundation Extensions";
			runOnlyForDeploymentPostprocessing = 0;
		};
/* End PBXCopyFilesBuildPhase section */

/* Begin PBXFileReference section */
		560F0C332BD175EB00067054 /* LoggerUtil.swift */ = {isa = PBXFileReference; lastKnownFileType = sourcecode.swift; path = LoggerUtil.swift; sourceTree = "<group>"; };
		561C3C422BAEE2D600FBB3B9 /* String+Error.swift */ = {isa = PBXFileReference; lastKnownFileType = sourcecode.swift; path = "String+Error.swift"; sourceTree = "<group>"; };
		5655E42D2BD2C94F00B86C5C /* AppUserDefaults.swift */ = {isa = PBXFileReference; lastKnownFileType = sourcecode.swift; path = AppUserDefaults.swift; sourceTree = "<group>"; };
		56A6C75D2BBC2FE900992562 /* Arthur.entitlements */ = {isa = PBXFileReference; lastKnownFileType = text.plist.entitlements; path = Arthur.entitlements; sourceTree = "<group>"; };
		56AC033F2BB06A2D00A34A00 /* Image+Icon.swift */ = {isa = PBXFileReference; lastKnownFileType = sourcecode.swift; path = "Image+Icon.swift"; sourceTree = "<group>"; };
		C71161B22CAAE3DB00ED41EA /* String+BigUInt.swift */ = {isa = PBXFileReference; lastKnownFileType = sourcecode.swift; path = "String+BigUInt.swift"; sourceTree = "<group>"; };
		CE3477612C78892F005E91FE /* View+Align.swift */ = {isa = PBXFileReference; lastKnownFileType = sourcecode.swift; path = "View+Align.swift"; sourceTree = "<group>"; };
		CE3C6C082CD56928000D0481 /* Images.swift */ = {isa = PBXFileReference; lastKnownFileType = sourcecode.swift; path = Images.swift; sourceTree = "<group>"; };
		CE3C6C0D2CD56992000D0481 /* AppView.swift */ = {isa = PBXFileReference; lastKnownFileType = sourcecode.swift; path = AppView.swift; sourceTree = "<group>"; };
		CE3C6C102CD569AB000D0481 /* IntroView.swift */ = {isa = PBXFileReference; lastKnownFileType = sourcecode.swift; path = IntroView.swift; sourceTree = "<group>"; };
		CE3C6C142CD5718E000D0481 /* AppButton.swift */ = {isa = PBXFileReference; lastKnownFileType = sourcecode.swift; path = AppButton.swift; sourceTree = "<group>"; };
		CE3C6C162CD575C5000D0481 /* Inter-Bold.ttf */ = {isa = PBXFileReference; lastKnownFileType = file; path = "Inter-Bold.ttf"; sourceTree = "<group>"; };
		CE3C6C172CD575C5000D0481 /* Inter-Medium.ttf */ = {isa = PBXFileReference; lastKnownFileType = file; path = "Inter-Medium.ttf"; sourceTree = "<group>"; };
		CE3C6C182CD575C5000D0481 /* Inter-Regular.ttf */ = {isa = PBXFileReference; lastKnownFileType = file; path = "Inter-Regular.ttf"; sourceTree = "<group>"; };
		CE3C6C192CD575C5000D0481 /* Inter-SemiBold.ttf */ = {isa = PBXFileReference; lastKnownFileType = file; path = "Inter-SemiBold.ttf"; sourceTree = "<group>"; };
		CE3C6C202CD57614000D0481 /* Fonts.swift */ = {isa = PBXFileReference; lastKnownFileType = sourcecode.swift; path = Fonts.swift; sourceTree = "<group>"; };
		CE3C6C242CD5781E000D0481 /* CapabilitiesView.swift */ = {isa = PBXFileReference; lastKnownFileType = sourcecode.swift; path = CapabilitiesView.swift; sourceTree = "<group>"; };
		CE3CD3B02C6CEBEF008313B8 /* JSONCodable.swift */ = {isa = PBXFileReference; lastKnownFileType = sourcecode.swift; path = JSONCodable.swift; sourceTree = "<group>"; };
		CE60F5A72CD7743A00317982 /* BeautyContestView.swift */ = {isa = PBXFileReference; lastKnownFileType = sourcecode.swift; path = BeautyContestView.swift; sourceTree = "<group>"; };
		CE60F5A92CD77B4F00317982 /* BeautyContestView+ViewModel.swift */ = {isa = PBXFileReference; lastKnownFileType = sourcecode.swift; path = "BeautyContestView+ViewModel.swift"; sourceTree = "<group>"; };
		CE60F5AF2CD7BC7300317982 /* BeautyContest.swift */ = {isa = PBXFileReference; lastKnownFileType = sourcecode.swift; path = BeautyContest.swift; sourceTree = "<group>"; };
		CE60F5B12CD7DC7E00317982 /* StaticImages.swift */ = {isa = PBXFileReference; lastKnownFileType = sourcecode.swift; path = StaticImages.swift; sourceTree = "<group>"; };
		CE68BE3C2BD9B23D00D92EBB /* ZkProof.swift */ = {isa = PBXFileReference; lastKnownFileType = sourcecode.swift; path = ZkProof.swift; sourceTree = "<group>"; };
		CE72101D2BD7BD9D0043DB7F /* Data+Utf8.swift */ = {isa = PBXFileReference; lastKnownFileType = sourcecode.swift; path = "Data+Utf8.swift"; sourceTree = "<group>"; };
		CE7210282BD7D0D10043DB7F /* String+Hex.swift */ = {isa = PBXFileReference; lastKnownFileType = sourcecode.swift; path = "String+Hex.swift"; sourceTree = "<group>"; };
		CE7210322BD818020043DB7F /* Double+Rounded.swift */ = {isa = PBXFileReference; lastKnownFileType = sourcecode.swift; path = "Double+Rounded.swift"; sourceTree = "<group>"; };
		CE99CC2B2CD61F9900245B50 /* AICapabilitiesManifest.swift */ = {isa = PBXFileReference; lastKnownFileType = sourcecode.swift; path = AICapabilitiesManifest.swift; sourceTree = "<group>"; };
		CE99CC2E2CD63DFB00245B50 /* ProofManager.swift */ = {isa = PBXFileReference; lastKnownFileType = sourcecode.swift; path = ProofManager.swift; sourceTree = "<group>"; };
		CE99CC302CD6472F00245B50 /* Config.swift */ = {isa = PBXFileReference; lastKnownFileType = sourcecode.swift; path = Config.swift; sourceTree = "<group>"; };
		CE99CC322CD6482800245B50 /* API.swift */ = {isa = PBXFileReference; lastKnownFileType = sourcecode.swift; path = API.swift; sourceTree = "<group>"; };
		CE99CC342CD6491300245B50 /* AIPermission.swift */ = {isa = PBXFileReference; lastKnownFileType = sourcecode.swift; path = AIPermission.swift; sourceTree = "<group>"; };
		CE99CC362CD649F800245B50 /* CapabilitiesView+ViewModel.swift */ = {isa = PBXFileReference; lastKnownFileType = sourcecode.swift; path = "CapabilitiesView+ViewModel.swift"; sourceTree = "<group>"; };
		CE99CC382CD651E800245B50 /* AppTextField.swift */ = {isa = PBXFileReference; lastKnownFileType = sourcecode.swift; path = AppTextField.swift; sourceTree = "<group>"; };
		CE99CC3A2CD6543700245B50 /* View+Placeholder.swift */ = {isa = PBXFileReference; lastKnownFileType = sourcecode.swift; path = "View+Placeholder.swift"; sourceTree = "<group>"; };
		CE99CC3E2CD6601900245B50 /* ChatView.swift */ = {isa = PBXFileReference; lastKnownFileType = sourcecode.swift; path = ChatView.swift; sourceTree = "<group>"; };
		CE99CC432CD6762500245B50 /* SettingsView.swift */ = {isa = PBXFileReference; lastKnownFileType = sourcecode.swift; path = SettingsView.swift; sourceTree = "<group>"; };
		CE99CC452CD67A3F00245B50 /* Identity.xcframework */ = {isa = PBXFileReference; lastKnownFileType = wrapper.xcframework; path = Identity.xcframework; sourceTree = "<group>"; };
		CE99CC472CD67CFA00245B50 /* AppManager.swift */ = {isa = PBXFileReference; lastKnownFileType = sourcecode.swift; path = AppManager.swift; sourceTree = "<group>"; };
		CE99CC4F2CD687C200245B50 /* Message.swift */ = {isa = PBXFileReference; lastKnownFileType = sourcecode.swift; path = Message.swift; sourceTree = "<group>"; };
		CE99CC522CD6888700245B50 /* ChatView+ViewModel.swift */ = {isa = PBXFileReference; lastKnownFileType = sourcecode.swift; path = "ChatView+ViewModel.swift"; sourceTree = "<group>"; };
		CE99CC542CD6A5CF00245B50 /* AVManager.swift */ = {isa = PBXFileReference; lastKnownFileType = sourcecode.swift; path = AVManager.swift; sourceTree = "<group>"; };
		CE9E82B22BA881F400AAF885 /* Arthur.app */ = {isa = PBXFileReference; explicitFileType = wrapper.application; includeInIndex = 0; path = Arthur.app; sourceTree = BUILT_PRODUCTS_DIR; };
		CE9E82B52BA881F400AAF885 /* ArthurApp.swift */ = {isa = PBXFileReference; lastKnownFileType = sourcecode.swift; path = ArthurApp.swift; sourceTree = "<group>"; };
		CE9E82B92BA881F500AAF885 /* Assets.xcassets */ = {isa = PBXFileReference; lastKnownFileType = folder.assetcatalog; path = Assets.xcassets; sourceTree = "<group>"; };
		CE9E82E62BA89CE300AAF885 /* Info.plist */ = {isa = PBXFileReference; lastKnownFileType = text.plist.xml; path = Info.plist; sourceTree = SOURCE_ROOT; };
		CEA03F092C7C7A17002F218A /* View+IsLoading.swift */ = {isa = PBXFileReference; lastKnownFileType = sourcecode.swift; path = "View+IsLoading.swift"; sourceTree = "<group>"; };
		CEC562132BD9281A002D4954 /* libresolv.9.tbd */ = {isa = PBXFileReference; lastKnownFileType = "sourcecode.text-based-dylib-definition"; name = libresolv.9.tbd; path = usr/lib/libresolv.9.tbd; sourceTree = SDKROOT; };
		CEC562142BD9281A002D4954 /* libresolv.tbd */ = {isa = PBXFileReference; lastKnownFileType = "sourcecode.text-based-dylib-definition"; name = libresolv.tbd; path = usr/lib/libresolv.tbd; sourceTree = SDKROOT; };
		CEFF68B62CB685C5008769EA /* Data+FindSubarrayIndex.swift */ = {isa = PBXFileReference; lastKnownFileType = sourcecode.swift; path = "Data+FindSubarrayIndex.swift"; sourceTree = "<group>"; };
		CEFF68B82CB692A7008769EA /* BN.swift */ = {isa = PBXFileReference; lastKnownFileType = sourcecode.swift; path = BN.swift; sourceTree = "<group>"; };
		CEFF68C02CB6AF46008769EA /* Encodable+json.swift */ = {isa = PBXFileReference; lastKnownFileType = sourcecode.swift; path = "Encodable+json.swift"; sourceTree = "<group>"; };
/* End PBXFileReference section */

/* Begin PBXFrameworksBuildPhase section */
		CE9E82AF2BA881F400AAF885 /* Frameworks */ = {
			isa = PBXFrameworksBuildPhase;
			buildActionMask = 2147483647;
			files = (
				CEC562192BD92B3E002D4954 /* libresolv.9.tbd in Frameworks */,
				CE9347732C205B340034885C /* CachedAsyncImage in Frameworks */,
				CE68BE452BD9B6EA00D92EBB /* Web3 in Frameworks */,
				CE72102E2BD7F6780043DB7F /* Alamofire in Frameworks */,
				CE61E8832C24240000940129 /* Semaphore in Frameworks */,
				56E2D9322BD01E71006E725D /* NFCPassportReader in Frameworks */,
				CE99CC462CD67A3F00245B50 /* Identity.xcframework in Frameworks */,
				CE68BE472BD9B6EA00D92EBB /* Web3ContractABI in Frameworks */,
				CE68BE492BD9B6EA00D92EBB /* Web3PromiseKit in Frameworks */,
			);
			runOnlyForDeploymentPostprocessing = 0;
		};
/* End PBXFrameworksBuildPhase section */

/* Begin PBXGroup section */
		56474AD42BB985E00017AA25 /* Utilities */ = {
			isa = PBXGroup;
			children = (
				5655E42D2BD2C94F00B86C5C /* AppUserDefaults.swift */,
				560F0C332BD175EB00067054 /* LoggerUtil.swift */,
			);
			path = Utilities;
			sourceTree = "<group>";
		};
		5655E4262BD2C3F500B86C5C /* Models */ = {
			isa = PBXGroup;
			children = (
				CE60F5AF2CD7BC7300317982 /* BeautyContest.swift */,
				CE99CC322CD6482800245B50 /* API.swift */,
				CE68BE3C2BD9B23D00D92EBB /* ZkProof.swift */,
				CEFF68B82CB692A7008769EA /* BN.swift */,
			);
			path = Models;
			sourceTree = "<group>";
		};
		CE3C6C072CD568F0000D0481 /* Constants */ = {
			isa = PBXGroup;
			children = (
				CE60F5B12CD7DC7E00317982 /* StaticImages.swift */,
				CE99CC302CD6472F00245B50 /* Config.swift */,
				CE3C6C202CD57614000D0481 /* Fonts.swift */,
				CE3C6C082CD56928000D0481 /* Images.swift */,
			);
			path = Constants;
			sourceTree = "<group>";
		};
		CE3C6C0A2CD56951000D0481 /* Intro */ = {
			isa = PBXGroup;
			children = (
				CE3C6C0F2CD5699D000D0481 /* Views */,
			);
			path = Intro;
			sourceTree = "<group>";
		};
		CE3C6C0B2CD5697A000D0481 /* App */ = {
			isa = PBXGroup;
			children = (
				CE3C6C0C2CD56984000D0481 /* Views */,
			);
			path = App;
			sourceTree = "<group>";
		};
		CE3C6C0C2CD56984000D0481 /* Views */ = {
			isa = PBXGroup;
			children = (
				CE3C6C0D2CD56992000D0481 /* AppView.swift */,
			);
			path = Views;
			sourceTree = "<group>";
		};
		CE3C6C0F2CD5699D000D0481 /* Views */ = {
			isa = PBXGroup;
			children = (
				CE3C6C102CD569AB000D0481 /* IntroView.swift */,
			);
			path = Views;
			sourceTree = "<group>";
		};
		CE3C6C122CD57179000D0481 /* Common */ = {
			isa = PBXGroup;
			children = (
				CE3C6C132CD57182000D0481 /* Views */,
			);
			path = Common;
			sourceTree = "<group>";
		};
		CE3C6C132CD57182000D0481 /* Views */ = {
			isa = PBXGroup;
			children = (
				CE99CC382CD651E800245B50 /* AppTextField.swift */,
				CE3C6C142CD5718E000D0481 /* AppButton.swift */,
			);
			path = Views;
			sourceTree = "<group>";
		};
		CE3C6C1A2CD575C5000D0481 /* Inter */ = {
			isa = PBXGroup;
			children = (
				CE3C6C162CD575C5000D0481 /* Inter-Bold.ttf */,
				CE3C6C172CD575C5000D0481 /* Inter-Medium.ttf */,
				CE3C6C182CD575C5000D0481 /* Inter-Regular.ttf */,
				CE3C6C192CD575C5000D0481 /* Inter-SemiBold.ttf */,
			);
			path = Inter;
			sourceTree = "<group>";
		};
		CE3C6C1B2CD575C5000D0481 /* Fonts */ = {
			isa = PBXGroup;
			children = (
				CE3C6C1A2CD575C5000D0481 /* Inter */,
			);
			path = Fonts;
			sourceTree = "<group>";
		};
		CE3C6C222CD57809000D0481 /* Capabilities */ = {
			isa = PBXGroup;
			children = (
				CE99CC2A2CD61F9200245B50 /* Models */,
				CE3C6C232CD57810000D0481 /* Views */,
			);
			path = Capabilities;
			sourceTree = "<group>";
		};
		CE3C6C232CD57810000D0481 /* Views */ = {
			isa = PBXGroup;
			children = (
				CE99CC362CD649F800245B50 /* CapabilitiesView+ViewModel.swift */,
				CE3C6C242CD5781E000D0481 /* CapabilitiesView.swift */,
			);
			path = Views;
			sourceTree = "<group>";
		};
		CE3CD3AF2C6CEBD3008313B8 /* Protocols */ = {
			isa = PBXGroup;
			children = (
				CE3CD3B02C6CEBEF008313B8 /* JSONCodable.swift */,
			);
			path = Protocols;
			sourceTree = "<group>";
		};
		CE60F5A52CD7738200317982 /* BeautyContest */ = {
			isa = PBXGroup;
			children = (
				CE60F5A62CD7742F00317982 /* Views */,
			);
			path = BeautyContest;
			sourceTree = "<group>";
		};
		CE60F5A62CD7742F00317982 /* Views */ = {
			isa = PBXGroup;
			children = (
				CE60F5A92CD77B4F00317982 /* BeautyContestView+ViewModel.swift */,
				CE60F5A72CD7743A00317982 /* BeautyContestView.swift */,
			);
			path = Views;
			sourceTree = "<group>";
		};
		CE778B6F2BA9A73700B26485 /* Extensions */ = {
			isa = PBXGroup;
			children = (
				CE99CC3A2CD6543700245B50 /* View+Placeholder.swift */,
				56AC033F2BB06A2D00A34A00 /* Image+Icon.swift */,
				561C3C422BAEE2D600FBB3B9 /* String+Error.swift */,
				CE72101D2BD7BD9D0043DB7F /* Data+Utf8.swift */,
				CE7210282BD7D0D10043DB7F /* String+Hex.swift */,
				CE7210322BD818020043DB7F /* Double+Rounded.swift */,
				CE3477612C78892F005E91FE /* View+Align.swift */,
				CEA03F092C7C7A17002F218A /* View+IsLoading.swift */,
				C71161B22CAAE3DB00ED41EA /* String+BigUInt.swift */,
				CEFF68B62CB685C5008769EA /* Data+FindSubarrayIndex.swift */,
				CEFF68C02CB6AF46008769EA /* Encodable+json.swift */,
			);
			path = Extensions;
			sourceTree = "<group>";
		};
		CE99CC2A2CD61F9200245B50 /* Models */ = {
			isa = PBXGroup;
			children = (
				CE99CC342CD6491300245B50 /* AIPermission.swift */,
				CE99CC2B2CD61F9900245B50 /* AICapabilitiesManifest.swift */,
			);
			path = Models;
			sourceTree = "<group>";
		};
		CE99CC2D2CD63DF500245B50 /* Managers */ = {
			isa = PBXGroup;
			children = (
				CE99CC542CD6A5CF00245B50 /* AVManager.swift */,
				CE99CC472CD67CFA00245B50 /* AppManager.swift */,
				CE99CC2E2CD63DFB00245B50 /* ProofManager.swift */,
			);
			path = Managers;
			sourceTree = "<group>";
		};
		CE99CC3C2CD6600C00245B50 /* Chat */ = {
			isa = PBXGroup;
			children = (
				CE99CC402CD6735800245B50 /* Models */,
				CE99CC3D2CD6601300245B50 /* Views */,
			);
			path = Chat;
			sourceTree = "<group>";
		};
		CE99CC3D2CD6601300245B50 /* Views */ = {
			isa = PBXGroup;
			children = (
				CE99CC522CD6888700245B50 /* ChatView+ViewModel.swift */,
				CE99CC3E2CD6601900245B50 /* ChatView.swift */,
			);
			path = Views;
			sourceTree = "<group>";
		};
		CE99CC402CD6735800245B50 /* Models */ = {
			isa = PBXGroup;
			children = (
				CE99CC4F2CD687C200245B50 /* Message.swift */,
			);
			path = Models;
			sourceTree = "<group>";
		};
		CE99CC412CD6760A00245B50 /* Settings */ = {
			isa = PBXGroup;
			children = (
				CE99CC422CD6761400245B50 /* Views */,
			);
			path = Settings;
			sourceTree = "<group>";
		};
		CE99CC422CD6761400245B50 /* Views */ = {
			isa = PBXGroup;
			children = (
				CE99CC432CD6762500245B50 /* SettingsView.swift */,
			);
			path = Views;
			sourceTree = "<group>";
		};
		CE9E82A92BA881F400AAF885 = {
			isa = PBXGroup;
			children = (
				CEC562122BD92804002D4954 /* Frameworks */,
				CE9E82B42BA881F400AAF885 /* Arthur */,
				CE9E82B32BA881F400AAF885 /* Products */,
			);
			sourceTree = "<group>";
		};
		CE9E82B32BA881F400AAF885 /* Products */ = {
			isa = PBXGroup;
			children = (
				CE9E82B22BA881F400AAF885 /* Arthur.app */,
			);
			name = Products;
			sourceTree = "<group>";
		};
		CE9E82B42BA881F400AAF885 /* Arthur */ = {
			isa = PBXGroup;
			children = (
				56A6C75D2BBC2FE900992562 /* Arthur.entitlements */,
				CE9E82E62BA89CE300AAF885 /* Info.plist */,
				CE9E82C62BA8851B00AAF885 /* Code */,
				CE9E82C42BA8850800AAF885 /* Resources */,
			);
			path = Arthur;
			sourceTree = "<group>";
		};
		CE9E82C42BA8850800AAF885 /* Resources */ = {
			isa = PBXGroup;
			children = (
				CE3C6C1B2CD575C5000D0481 /* Fonts */,
				CE9E82B92BA881F500AAF885 /* Assets.xcassets */,
			);
			path = Resources;
			sourceTree = "<group>";
		};
		CE9E82C62BA8851B00AAF885 /* Code */ = {
			isa = PBXGroup;
			children = (
				CE9E82B52BA881F400AAF885 /* ArthurApp.swift */,
				CE99CC2D2CD63DF500245B50 /* Managers */,
				CE3C6C072CD568F0000D0481 /* Constants */,
				CE3CD3AF2C6CEBD3008313B8 /* Protocols */,
				5655E4262BD2C3F500B86C5C /* Models */,
				CE778B6F2BA9A73700B26485 /* Extensions */,
				CE9E82C72BA8852700AAF885 /* Modules */,
				56474AD42BB985E00017AA25 /* Utilities */,
			);
			path = Code;
			sourceTree = "<group>";
		};
		CE9E82C72BA8852700AAF885 /* Modules */ = {
			isa = PBXGroup;
			children = (
				CE60F5A52CD7738200317982 /* BeautyContest */,
				CE99CC412CD6760A00245B50 /* Settings */,
				CE99CC3C2CD6600C00245B50 /* Chat */,
				CE3C6C222CD57809000D0481 /* Capabilities */,
				CE3C6C122CD57179000D0481 /* Common */,
				CE3C6C0B2CD5697A000D0481 /* App */,
				CE3C6C0A2CD56951000D0481 /* Intro */,
			);
			path = Modules;
			sourceTree = "<group>";
		};
		CEC562122BD92804002D4954 /* Frameworks */ = {
			isa = PBXGroup;
			children = (
				CE99CC452CD67A3F00245B50 /* Identity.xcframework */,
				CEC562132BD9281A002D4954 /* libresolv.9.tbd */,
				CEC562142BD9281A002D4954 /* libresolv.tbd */,
			);
			path = Frameworks;
			sourceTree = "<group>";
		};
/* End PBXGroup section */

/* Begin PBXNativeTarget section */
		CE9E82B12BA881F400AAF885 /* Arthur */ = {
			isa = PBXNativeTarget;
			buildConfigurationList = CE9E82C02BA881F500AAF885 /* Build configuration list for PBXNativeTarget "Arthur" */;
			buildPhases = (
				CE9E82AE2BA881F400AAF885 /* Sources */,
				CE9E82AF2BA881F400AAF885 /* Frameworks */,
				CE9E82B02BA881F400AAF885 /* Resources */,
				CE3D41D22C779BC400D0AA65 /* Embed Foundation Extensions */,
			);
			buildRules = (
			);
			dependencies = (
			);
			name = Arthur;
			packageProductDependencies = (
				56E2D9312BD01E71006E725D /* NFCPassportReader */,
				CE72102D2BD7F6780043DB7F /* Alamofire */,
				CE68BE442BD9B6EA00D92EBB /* Web3 */,
				CE68BE462BD9B6EA00D92EBB /* Web3ContractABI */,
				CE68BE482BD9B6EA00D92EBB /* Web3PromiseKit */,
				CE9347722C205B340034885C /* CachedAsyncImage */,
				CE61E8822C24240000940129 /* Semaphore */,
			);
			productName = Arthur;
			productReference = CE9E82B22BA881F400AAF885 /* Arthur.app */;
			productType = "com.apple.product-type.application";
		};
/* End PBXNativeTarget section */

/* Begin PBXProject section */
		CE9E82AA2BA881F400AAF885 /* Project object */ = {
			isa = PBXProject;
			attributes = {
				BuildIndependentTargetsInParallel = 1;
				LastSwiftUpdateCheck = 1540;
				LastUpgradeCheck = 1540;
				TargetAttributes = {
					CE9E82B12BA881F400AAF885 = {
						CreatedOnToolsVersion = 15.0.1;
					};
				};
			};
			buildConfigurationList = CE9E82AD2BA881F400AAF885 /* Build configuration list for PBXProject "Arthur" */;
			compatibilityVersion = "Xcode 14.0";
			developmentRegion = en;
			hasScannedForEncodings = 0;
			knownRegions = (
				en,
				Base,
				uk,
			);
			mainGroup = CE9E82A92BA881F400AAF885;
			packageReferences = (
				56E2D9302BD01E71006E725D /* XCRemoteSwiftPackageReference "NFCPassportReader" */,
				CE72102C2BD7F6780043DB7F /* XCRemoteSwiftPackageReference "Alamofire" */,
				CE68BE432BD9B6EA00D92EBB /* XCRemoteSwiftPackageReference "Web3.swift" */,
				CE9347712C205B340034885C /* XCRemoteSwiftPackageReference "swiftui-cached-async-image" */,
				CE61E8812C24240000940129 /* XCRemoteSwiftPackageReference "Semaphore" */,
			);
			productRefGroup = CE9E82B32BA881F400AAF885 /* Products */;
			projectDirPath = "";
			projectRoot = "";
			targets = (
				CE9E82B12BA881F400AAF885 /* Arthur */,
			);
		};
/* End PBXProject section */

/* Begin PBXResourcesBuildPhase section */
		CE9E82B02BA881F400AAF885 /* Resources */ = {
			isa = PBXResourcesBuildPhase;
			buildActionMask = 2147483647;
			files = (
				CE3C6C1C2CD575C5000D0481 /* Inter-SemiBold.ttf in Resources */,
				CE3C6C1D2CD575C5000D0481 /* Inter-Medium.ttf in Resources */,
				CE3C6C1E2CD575C5000D0481 /* Inter-Regular.ttf in Resources */,
				CE3C6C1F2CD575C5000D0481 /* Inter-Bold.ttf in Resources */,
				CE9E82BA2BA881F500AAF885 /* Assets.xcassets in Resources */,
			);
			runOnlyForDeploymentPostprocessing = 0;
		};
/* End PBXResourcesBuildPhase section */

/* Begin PBXSourcesBuildPhase section */
		CE9E82AE2BA881F400AAF885 /* Sources */ = {
			isa = PBXSourcesBuildPhase;
			buildActionMask = 2147483647;
			files = (
				CE99CC552CD6A5D900245B50 /* AVManager.swift in Sources */,
				CE99CC3B2CD6543D00245B50 /* View+Placeholder.swift in Sources */,
				56AC03402BB06A2D00A34A00 /* Image+Icon.swift in Sources */,
				561C3C432BAEE2D600FBB3B9 /* String+Error.swift in Sources */,
				CE99CC502CD687C300245B50 /* Message.swift in Sources */,
				CE3C6C0E2CD56992000D0481 /* AppView.swift in Sources */,
				CEFF68C12CB6AF46008769EA /* Encodable+json.swift in Sources */,
				CE99CC392CD6521D00245B50 /* AppTextField.swift in Sources */,
				CE3C6C092CD5692A000D0481 /* Images.swift in Sources */,
				CE9E82B62BA881F400AAF885 /* ArthurApp.swift in Sources */,
				CE99CC372CD649F800245B50 /* CapabilitiesView+ViewModel.swift in Sources */,
				CEFF68B92CB692A7008769EA /* BN.swift in Sources */,
				CE3C6C212CD57618000D0481 /* Fonts.swift in Sources */,
				CE99CC352CD6492100245B50 /* AIPermission.swift in Sources */,
				CE99CC332CD6482B00245B50 /* API.swift in Sources */,
				CE68BE3D2BD9B23D00D92EBB /* ZkProof.swift in Sources */,
				560F0C342BD175EB00067054 /* LoggerUtil.swift in Sources */,
				CE99CC2C2CD61FA600245B50 /* AICapabilitiesManifest.swift in Sources */,
				CE3477622C78892F005E91FE /* View+Align.swift in Sources */,
				CE60F5B22CD7DC8100317982 /* StaticImages.swift in Sources */,
				CE99CC312CD6473200245B50 /* Config.swift in Sources */,
				CE99CC482CD67CFC00245B50 /* AppManager.swift in Sources */,
				CE99CC532CD6888900245B50 /* ChatView+ViewModel.swift in Sources */,
				C71161B32CAAE3DB00ED41EA /* String+BigUInt.swift in Sources */,
				CE7210332BD818020043DB7F /* Double+Rounded.swift in Sources */,
				CE99CC3F2CD6601E00245B50 /* ChatView.swift in Sources */,
				CE99CC2F2CD63E1400245B50 /* ProofManager.swift in Sources */,
				CE72101E2BD7BD9D0043DB7F /* Data+Utf8.swift in Sources */,
				CE3C6C252CD5781E000D0481 /* CapabilitiesView.swift in Sources */,
				CE3C6C112CD569AB000D0481 /* IntroView.swift in Sources */,
				CE99CC442CD6762500245B50 /* SettingsView.swift in Sources */,
				CE60F5B02CD7BC7B00317982 /* BeautyContest.swift in Sources */,
				CE60F5AA2CD77B5500317982 /* BeautyContestView+ViewModel.swift in Sources */,
				CEFF68B72CB685C5008769EA /* Data+FindSubarrayIndex.swift in Sources */,
				5655E42E2BD2C94F00B86C5C /* AppUserDefaults.swift in Sources */,
				CEA03F0A2C7C7A17002F218A /* View+IsLoading.swift in Sources */,
				CE60F5A82CD7743A00317982 /* BeautyContestView.swift in Sources */,
				CE7210292BD7D0D10043DB7F /* String+Hex.swift in Sources */,
				CE3CD3B12C6CEBEF008313B8 /* JSONCodable.swift in Sources */,
				CE3C6C152CD5718E000D0481 /* AppButton.swift in Sources */,
			);
			runOnlyForDeploymentPostprocessing = 0;
		};
/* End PBXSourcesBuildPhase section */

/* Begin XCBuildConfiguration section */
		CE9E82BE2BA881F500AAF885 /* Debug (Development) */ = {
			isa = XCBuildConfiguration;
			buildSettings = {
				ALWAYS_SEARCH_USER_PATHS = NO;
				ASSETCATALOG_COMPILER_GENERATE_SWIFT_ASSET_SYMBOL_EXTENSIONS = YES;
				CLANG_ANALYZER_LOCALIZABILITY_NONLOCALIZED = YES;
				CLANG_ANALYZER_NONNULL = YES;
				CLANG_ANALYZER_NUMBER_OBJECT_CONVERSION = YES_AGGRESSIVE;
				CLANG_CXX_LANGUAGE_STANDARD = "gnu++20";
				CLANG_ENABLE_MODULES = YES;
				CLANG_ENABLE_OBJC_ARC = YES;
				CLANG_ENABLE_OBJC_WEAK = YES;
				CLANG_WARN_BLOCK_CAPTURE_AUTORELEASING = YES;
				CLANG_WARN_BOOL_CONVERSION = YES;
				CLANG_WARN_COMMA = YES;
				CLANG_WARN_CONSTANT_CONVERSION = YES;
				CLANG_WARN_DEPRECATED_OBJC_IMPLEMENTATIONS = YES;
				CLANG_WARN_DIRECT_OBJC_ISA_USAGE = YES_ERROR;
				CLANG_WARN_DOCUMENTATION_COMMENTS = YES;
				CLANG_WARN_EMPTY_BODY = YES;
				CLANG_WARN_ENUM_CONVERSION = YES;
				CLANG_WARN_INFINITE_RECURSION = YES;
				CLANG_WARN_INT_CONVERSION = YES;
				CLANG_WARN_NON_LITERAL_NULL_CONVERSION = YES;
				CLANG_WARN_OBJC_IMPLICIT_RETAIN_SELF = YES;
				CLANG_WARN_OBJC_LITERAL_CONVERSION = YES;
				CLANG_WARN_OBJC_ROOT_CLASS = YES_ERROR;
				CLANG_WARN_QUOTED_INCLUDE_IN_FRAMEWORK_HEADER = YES;
				CLANG_WARN_RANGE_LOOP_ANALYSIS = YES;
				CLANG_WARN_STRICT_PROTOTYPES = YES;
				CLANG_WARN_SUSPICIOUS_MOVE = YES;
				CLANG_WARN_UNGUARDED_AVAILABILITY = YES_AGGRESSIVE;
				CLANG_WARN_UNREACHABLE_CODE = YES;
				CLANG_WARN__DUPLICATE_METHOD_MATCH = YES;
				COPY_PHASE_STRIP = NO;
				DEBUG_INFORMATION_FORMAT = dwarf;
				ENABLE_STRICT_OBJC_MSGSEND = YES;
				ENABLE_TESTABILITY = YES;
				ENABLE_USER_SCRIPT_SANDBOXING = NO;
				GCC_C_LANGUAGE_STANDARD = gnu17;
				GCC_DYNAMIC_NO_PIC = NO;
				GCC_NO_COMMON_BLOCKS = YES;
				GCC_OPTIMIZATION_LEVEL = 0;
				GCC_PREPROCESSOR_DEFINITIONS = (
					"DEBUG=1",
					"$(inherited)",
				);
				GCC_WARN_64_TO_32_BIT_CONVERSION = YES;
				GCC_WARN_ABOUT_RETURN_TYPE = YES_ERROR;
				GCC_WARN_UNDECLARED_SELECTOR = YES;
				GCC_WARN_UNINITIALIZED_AUTOS = YES_AGGRESSIVE;
				GCC_WARN_UNUSED_FUNCTION = YES;
				GCC_WARN_UNUSED_VARIABLE = YES;
				INFOPLIST_KEY_UIUserInterfaceStyle = Automatic;
				IPHONEOS_DEPLOYMENT_TARGET = 17.0;
				LOCALIZATION_PREFERS_STRING_CATALOGS = YES;
				MTL_ENABLE_DEBUG_INFO = INCLUDE_SOURCE;
				MTL_FAST_MATH = YES;
				ONLY_ACTIVE_ARCH = YES;
				SDKROOT = iphoneos;
				SWIFT_ACTIVE_COMPILATION_CONDITIONS = "DEBUG $(inherited)";
				SWIFT_OPTIMIZATION_LEVEL = "-Onone";
			};
			name = "Debug (Development)";
		};
		CE9E82BF2BA881F500AAF885 /* Release (Development) */ = {
			isa = XCBuildConfiguration;
			buildSettings = {
				ALWAYS_SEARCH_USER_PATHS = NO;
				ASSETCATALOG_COMPILER_GENERATE_SWIFT_ASSET_SYMBOL_EXTENSIONS = YES;
				CLANG_ANALYZER_LOCALIZABILITY_NONLOCALIZED = YES;
				CLANG_ANALYZER_NONNULL = YES;
				CLANG_ANALYZER_NUMBER_OBJECT_CONVERSION = YES_AGGRESSIVE;
				CLANG_CXX_LANGUAGE_STANDARD = "gnu++20";
				CLANG_ENABLE_MODULES = YES;
				CLANG_ENABLE_OBJC_ARC = YES;
				CLANG_ENABLE_OBJC_WEAK = YES;
				CLANG_WARN_BLOCK_CAPTURE_AUTORELEASING = YES;
				CLANG_WARN_BOOL_CONVERSION = YES;
				CLANG_WARN_COMMA = YES;
				CLANG_WARN_CONSTANT_CONVERSION = YES;
				CLANG_WARN_DEPRECATED_OBJC_IMPLEMENTATIONS = YES;
				CLANG_WARN_DIRECT_OBJC_ISA_USAGE = YES_ERROR;
				CLANG_WARN_DOCUMENTATION_COMMENTS = YES;
				CLANG_WARN_EMPTY_BODY = YES;
				CLANG_WARN_ENUM_CONVERSION = YES;
				CLANG_WARN_INFINITE_RECURSION = YES;
				CLANG_WARN_INT_CONVERSION = YES;
				CLANG_WARN_NON_LITERAL_NULL_CONVERSION = YES;
				CLANG_WARN_OBJC_IMPLICIT_RETAIN_SELF = YES;
				CLANG_WARN_OBJC_LITERAL_CONVERSION = YES;
				CLANG_WARN_OBJC_ROOT_CLASS = YES_ERROR;
				CLANG_WARN_QUOTED_INCLUDE_IN_FRAMEWORK_HEADER = YES;
				CLANG_WARN_RANGE_LOOP_ANALYSIS = YES;
				CLANG_WARN_STRICT_PROTOTYPES = YES;
				CLANG_WARN_SUSPICIOUS_MOVE = YES;
				CLANG_WARN_UNGUARDED_AVAILABILITY = YES_AGGRESSIVE;
				CLANG_WARN_UNREACHABLE_CODE = YES;
				CLANG_WARN__DUPLICATE_METHOD_MATCH = YES;
				COPY_PHASE_STRIP = NO;
				DEBUG_INFORMATION_FORMAT = "dwarf-with-dsym";
				ENABLE_NS_ASSERTIONS = NO;
				ENABLE_STRICT_OBJC_MSGSEND = YES;
				ENABLE_TESTABILITY = YES;
				ENABLE_USER_SCRIPT_SANDBOXING = NO;
				GCC_C_LANGUAGE_STANDARD = gnu17;
				GCC_NO_COMMON_BLOCKS = YES;
				GCC_WARN_64_TO_32_BIT_CONVERSION = YES;
				GCC_WARN_ABOUT_RETURN_TYPE = YES_ERROR;
				GCC_WARN_UNDECLARED_SELECTOR = YES;
				GCC_WARN_UNINITIALIZED_AUTOS = YES_AGGRESSIVE;
				GCC_WARN_UNUSED_FUNCTION = YES;
				GCC_WARN_UNUSED_VARIABLE = YES;
				INFOPLIST_KEY_UIUserInterfaceStyle = Automatic;
				IPHONEOS_DEPLOYMENT_TARGET = 17.0;
				LOCALIZATION_PREFERS_STRING_CATALOGS = YES;
				MTL_ENABLE_DEBUG_INFO = NO;
				MTL_FAST_MATH = YES;
				ONLY_ACTIVE_ARCH = YES;
				SDKROOT = iphoneos;
				SWIFT_COMPILATION_MODE = wholemodule;
				VALIDATE_PRODUCT = YES;
			};
			name = "Release (Development)";
		};
		CE9E82C12BA881F500AAF885 /* Debug (Development) */ = {
			isa = XCBuildConfiguration;
			buildSettings = {
				ALWAYS_EMBED_SWIFT_STANDARD_LIBRARIES = YES;
				ASSETCATALOG_COMPILER_ALTERNATE_APPICON_NAMES = "";
				ASSETCATALOG_COMPILER_APPICON_NAME = AppIcon;
				ASSETCATALOG_COMPILER_GLOBAL_ACCENT_COLOR_NAME = AccentColor;
				CODE_SIGN_ENTITLEMENTS = Arthur/Arthur.entitlements;
				CODE_SIGN_STYLE = Automatic;
				CURRENT_PROJECT_VERSION = 1;
				DEVELOPMENT_TEAM = T7CLECN442;
				ENABLE_PREVIEWS = YES;
				GENERATE_INFOPLIST_FILE = YES;
				INFOPLIST_FILE = Info.plist;
				INFOPLIST_KEY_CFBundleDisplayName = Chappie;
				INFOPLIST_KEY_LSApplicationCategoryType = "public.app-category.productivity";
				INFOPLIST_KEY_UIApplicationSceneManifest_Generation = YES;
				INFOPLIST_KEY_UIApplicationSupportsIndirectInputEvents = YES;
				INFOPLIST_KEY_UILaunchScreen_Generation = YES;
				INFOPLIST_KEY_UISupportedInterfaceOrientations = UIInterfaceOrientationPortrait;
				INFOPLIST_KEY_UISupportedInterfaceOrientations_iPad = "UIInterfaceOrientationLandscapeLeft UIInterfaceOrientationLandscapeRight UIInterfaceOrientationPortrait UIInterfaceOrientationPortraitUpsideDown";
				INFOPLIST_KEY_UIUserInterfaceStyle = Dark;
				IPHONEOS_DEPLOYMENT_TARGET = 17.0;
				LD_RUNPATH_SEARCH_PATHS = (
					"$(inherited)",
					"@executable_path/Frameworks",
				);
				LIBRARY_SEARCH_PATHS = (
					"$(inherited)",
					"$(PROJECT_DIR)/Frameworks",
				);
				MARKETING_VERSION = 1.0.0;
				OTHER_LDFLAGS = "-lc++";
				PRODUCT_BUNDLE_IDENTIFIER = DistributedLab.Arthur;
				PRODUCT_NAME = "$(TARGET_NAME)";
				SUPPORTED_PLATFORMS = "iphoneos iphonesimulator";
				SUPPORTS_MACCATALYST = NO;
				SUPPORTS_MAC_DESIGNED_FOR_IPHONE_IPAD = NO;
				SUPPORTS_XR_DESIGNED_FOR_IPHONE_IPAD = NO;
				SWIFT_ACTIVE_COMPILATION_CONDITIONS = DEVELOPMENT;
				SWIFT_EMIT_LOC_STRINGS = YES;
				SWIFT_OBJC_BRIDGING_HEADER = "";
				SWIFT_VERSION = 5.0;
				TARGETED_DEVICE_FAMILY = 1;
			};
			name = "Debug (Development)";
		};
		CE9E82C22BA881F500AAF885 /* Release (Development) */ = {
			isa = XCBuildConfiguration;
			buildSettings = {
				ALWAYS_EMBED_SWIFT_STANDARD_LIBRARIES = YES;
				ASSETCATALOG_COMPILER_ALTERNATE_APPICON_NAMES = "";
				ASSETCATALOG_COMPILER_APPICON_NAME = AppIcon;
				ASSETCATALOG_COMPILER_GLOBAL_ACCENT_COLOR_NAME = AccentColor;
				CODE_SIGN_ENTITLEMENTS = Arthur/Arthur.entitlements;
				CODE_SIGN_STYLE = Automatic;
				CURRENT_PROJECT_VERSION = 1;
				DEVELOPMENT_TEAM = T7CLECN442;
				ENABLE_PREVIEWS = YES;
				GENERATE_INFOPLIST_FILE = YES;
				INFOPLIST_FILE = Info.plist;
				INFOPLIST_KEY_CFBundleDisplayName = Chappie;
				INFOPLIST_KEY_LSApplicationCategoryType = "public.app-category.productivity";
				INFOPLIST_KEY_UIApplicationSceneManifest_Generation = YES;
				INFOPLIST_KEY_UIApplicationSupportsIndirectInputEvents = YES;
				INFOPLIST_KEY_UILaunchScreen_Generation = YES;
				INFOPLIST_KEY_UISupportedInterfaceOrientations = UIInterfaceOrientationPortrait;
				INFOPLIST_KEY_UISupportedInterfaceOrientations_iPad = "UIInterfaceOrientationLandscapeLeft UIInterfaceOrientationLandscapeRight UIInterfaceOrientationPortrait UIInterfaceOrientationPortraitUpsideDown";
				INFOPLIST_KEY_UIUserInterfaceStyle = Dark;
				IPHONEOS_DEPLOYMENT_TARGET = 17.0;
				LD_RUNPATH_SEARCH_PATHS = (
					"$(inherited)",
					"@executable_path/Frameworks",
				);
				LIBRARY_SEARCH_PATHS = (
					"$(inherited)",
					"$(PROJECT_DIR)/Frameworks",
				);
				MARKETING_VERSION = 1.0.0;
				OTHER_LDFLAGS = "-lc++";
				PRODUCT_BUNDLE_IDENTIFIER = DistributedLab.Arthur;
				PRODUCT_NAME = "$(TARGET_NAME)";
				SUPPORTED_PLATFORMS = "iphoneos iphonesimulator";
				SUPPORTS_MACCATALYST = NO;
				SUPPORTS_MAC_DESIGNED_FOR_IPHONE_IPAD = NO;
				SUPPORTS_XR_DESIGNED_FOR_IPHONE_IPAD = NO;
				SWIFT_ACTIVE_COMPILATION_CONDITIONS = DEVELOPMENT;
				SWIFT_EMIT_LOC_STRINGS = YES;
				SWIFT_OBJC_BRIDGING_HEADER = "";
				SWIFT_VERSION = 5.0;
				TARGETED_DEVICE_FAMILY = 1;
			};
			name = "Release (Development)";
		};
		CE9E82DB2BA895C300AAF885 /* Debug (Production) */ = {
			isa = XCBuildConfiguration;
			buildSettings = {
				ALWAYS_SEARCH_USER_PATHS = NO;
				ASSETCATALOG_COMPILER_GENERATE_SWIFT_ASSET_SYMBOL_EXTENSIONS = YES;
				CLANG_ANALYZER_LOCALIZABILITY_NONLOCALIZED = YES;
				CLANG_ANALYZER_NONNULL = YES;
				CLANG_ANALYZER_NUMBER_OBJECT_CONVERSION = YES_AGGRESSIVE;
				CLANG_CXX_LANGUAGE_STANDARD = "gnu++20";
				CLANG_ENABLE_MODULES = YES;
				CLANG_ENABLE_OBJC_ARC = YES;
				CLANG_ENABLE_OBJC_WEAK = YES;
				CLANG_WARN_BLOCK_CAPTURE_AUTORELEASING = YES;
				CLANG_WARN_BOOL_CONVERSION = YES;
				CLANG_WARN_COMMA = YES;
				CLANG_WARN_CONSTANT_CONVERSION = YES;
				CLANG_WARN_DEPRECATED_OBJC_IMPLEMENTATIONS = YES;
				CLANG_WARN_DIRECT_OBJC_ISA_USAGE = YES_ERROR;
				CLANG_WARN_DOCUMENTATION_COMMENTS = YES;
				CLANG_WARN_EMPTY_BODY = YES;
				CLANG_WARN_ENUM_CONVERSION = YES;
				CLANG_WARN_INFINITE_RECURSION = YES;
				CLANG_WARN_INT_CONVERSION = YES;
				CLANG_WARN_NON_LITERAL_NULL_CONVERSION = YES;
				CLANG_WARN_OBJC_IMPLICIT_RETAIN_SELF = YES;
				CLANG_WARN_OBJC_LITERAL_CONVERSION = YES;
				CLANG_WARN_OBJC_ROOT_CLASS = YES_ERROR;
				CLANG_WARN_QUOTED_INCLUDE_IN_FRAMEWORK_HEADER = YES;
				CLANG_WARN_RANGE_LOOP_ANALYSIS = YES;
				CLANG_WARN_STRICT_PROTOTYPES = YES;
				CLANG_WARN_SUSPICIOUS_MOVE = YES;
				CLANG_WARN_UNGUARDED_AVAILABILITY = YES_AGGRESSIVE;
				CLANG_WARN_UNREACHABLE_CODE = YES;
				CLANG_WARN__DUPLICATE_METHOD_MATCH = YES;
				COPY_PHASE_STRIP = NO;
				DEBUG_INFORMATION_FORMAT = dwarf;
				ENABLE_STRICT_OBJC_MSGSEND = YES;
				ENABLE_TESTABILITY = YES;
				ENABLE_USER_SCRIPT_SANDBOXING = NO;
				GCC_C_LANGUAGE_STANDARD = gnu17;
				GCC_DYNAMIC_NO_PIC = NO;
				GCC_NO_COMMON_BLOCKS = YES;
				GCC_OPTIMIZATION_LEVEL = 0;
				GCC_PREPROCESSOR_DEFINITIONS = (
					"DEBUG=1",
					"$(inherited)",
				);
				GCC_WARN_64_TO_32_BIT_CONVERSION = YES;
				GCC_WARN_ABOUT_RETURN_TYPE = YES_ERROR;
				GCC_WARN_UNDECLARED_SELECTOR = YES;
				GCC_WARN_UNINITIALIZED_AUTOS = YES_AGGRESSIVE;
				GCC_WARN_UNUSED_FUNCTION = YES;
				GCC_WARN_UNUSED_VARIABLE = YES;
				INFOPLIST_KEY_UIUserInterfaceStyle = Automatic;
				IPHONEOS_DEPLOYMENT_TARGET = 17.0;
				LOCALIZATION_PREFERS_STRING_CATALOGS = YES;
				MTL_ENABLE_DEBUG_INFO = INCLUDE_SOURCE;
				MTL_FAST_MATH = YES;
				ONLY_ACTIVE_ARCH = YES;
				SDKROOT = iphoneos;
				SWIFT_ACTIVE_COMPILATION_CONDITIONS = "DEBUG $(inherited)";
				SWIFT_OPTIMIZATION_LEVEL = "-Onone";
			};
			name = "Debug (Production)";
		};
		CE9E82DC2BA895C300AAF885 /* Debug (Production) */ = {
			isa = XCBuildConfiguration;
			buildSettings = {
				ALWAYS_EMBED_SWIFT_STANDARD_LIBRARIES = YES;
				ASSETCATALOG_COMPILER_ALTERNATE_APPICON_NAMES = "";
				ASSETCATALOG_COMPILER_APPICON_NAME = AppIcon;
				ASSETCATALOG_COMPILER_GLOBAL_ACCENT_COLOR_NAME = AccentColor;
				CODE_SIGN_ENTITLEMENTS = Arthur/Arthur.entitlements;
				CODE_SIGN_STYLE = Automatic;
				CURRENT_PROJECT_VERSION = 1;
				DEVELOPMENT_TEAM = T7CLECN442;
				ENABLE_PREVIEWS = YES;
				GENERATE_INFOPLIST_FILE = YES;
				INFOPLIST_FILE = Info.plist;
				INFOPLIST_KEY_CFBundleDisplayName = Chappie;
				INFOPLIST_KEY_LSApplicationCategoryType = "public.app-category.productivity";
				INFOPLIST_KEY_UIApplicationSceneManifest_Generation = YES;
				INFOPLIST_KEY_UIApplicationSupportsIndirectInputEvents = YES;
				INFOPLIST_KEY_UILaunchScreen_Generation = YES;
				INFOPLIST_KEY_UISupportedInterfaceOrientations = UIInterfaceOrientationPortrait;
				INFOPLIST_KEY_UISupportedInterfaceOrientations_iPad = "UIInterfaceOrientationLandscapeLeft UIInterfaceOrientationLandscapeRight UIInterfaceOrientationPortrait UIInterfaceOrientationPortraitUpsideDown";
				INFOPLIST_KEY_UIUserInterfaceStyle = Dark;
				IPHONEOS_DEPLOYMENT_TARGET = 17.0;
				LD_RUNPATH_SEARCH_PATHS = (
					"$(inherited)",
					"@executable_path/Frameworks",
				);
				LIBRARY_SEARCH_PATHS = (
					"$(inherited)",
					"$(PROJECT_DIR)/Frameworks",
				);
				MARKETING_VERSION = 1.0.0;
				OTHER_LDFLAGS = "-lc++";
				PRODUCT_BUNDLE_IDENTIFIER = DistributedLab.Arthur;
				PRODUCT_NAME = "$(TARGET_NAME)";
				SUPPORTED_PLATFORMS = "iphoneos iphonesimulator";
				SUPPORTS_MACCATALYST = NO;
				SUPPORTS_MAC_DESIGNED_FOR_IPHONE_IPAD = NO;
				SUPPORTS_XR_DESIGNED_FOR_IPHONE_IPAD = NO;
				SWIFT_ACTIVE_COMPILATION_CONDITIONS = PRODUCTION;
				SWIFT_EMIT_LOC_STRINGS = YES;
				SWIFT_OBJC_BRIDGING_HEADER = "";
				SWIFT_VERSION = 5.0;
				TARGETED_DEVICE_FAMILY = 1;
			};
			name = "Debug (Production)";
		};
		CE9E82DD2BA895C500AAF885 /* Release (Production) */ = {
			isa = XCBuildConfiguration;
			buildSettings = {
				ALWAYS_SEARCH_USER_PATHS = NO;
				ASSETCATALOG_COMPILER_GENERATE_SWIFT_ASSET_SYMBOL_EXTENSIONS = YES;
				CLANG_ANALYZER_LOCALIZABILITY_NONLOCALIZED = YES;
				CLANG_ANALYZER_NONNULL = YES;
				CLANG_ANALYZER_NUMBER_OBJECT_CONVERSION = YES_AGGRESSIVE;
				CLANG_CXX_LANGUAGE_STANDARD = "gnu++20";
				CLANG_ENABLE_MODULES = YES;
				CLANG_ENABLE_OBJC_ARC = YES;
				CLANG_ENABLE_OBJC_WEAK = YES;
				CLANG_WARN_BLOCK_CAPTURE_AUTORELEASING = YES;
				CLANG_WARN_BOOL_CONVERSION = YES;
				CLANG_WARN_COMMA = YES;
				CLANG_WARN_CONSTANT_CONVERSION = YES;
				CLANG_WARN_DEPRECATED_OBJC_IMPLEMENTATIONS = YES;
				CLANG_WARN_DIRECT_OBJC_ISA_USAGE = YES_ERROR;
				CLANG_WARN_DOCUMENTATION_COMMENTS = YES;
				CLANG_WARN_EMPTY_BODY = YES;
				CLANG_WARN_ENUM_CONVERSION = YES;
				CLANG_WARN_INFINITE_RECURSION = YES;
				CLANG_WARN_INT_CONVERSION = YES;
				CLANG_WARN_NON_LITERAL_NULL_CONVERSION = YES;
				CLANG_WARN_OBJC_IMPLICIT_RETAIN_SELF = YES;
				CLANG_WARN_OBJC_LITERAL_CONVERSION = YES;
				CLANG_WARN_OBJC_ROOT_CLASS = YES_ERROR;
				CLANG_WARN_QUOTED_INCLUDE_IN_FRAMEWORK_HEADER = YES;
				CLANG_WARN_RANGE_LOOP_ANALYSIS = YES;
				CLANG_WARN_STRICT_PROTOTYPES = YES;
				CLANG_WARN_SUSPICIOUS_MOVE = YES;
				CLANG_WARN_UNGUARDED_AVAILABILITY = YES_AGGRESSIVE;
				CLANG_WARN_UNREACHABLE_CODE = YES;
				CLANG_WARN__DUPLICATE_METHOD_MATCH = YES;
				COPY_PHASE_STRIP = NO;
				DEBUG_INFORMATION_FORMAT = "dwarf-with-dsym";
				ENABLE_NS_ASSERTIONS = NO;
				ENABLE_STRICT_OBJC_MSGSEND = YES;
				ENABLE_USER_SCRIPT_SANDBOXING = NO;
				GCC_C_LANGUAGE_STANDARD = gnu17;
				GCC_NO_COMMON_BLOCKS = YES;
				GCC_WARN_64_TO_32_BIT_CONVERSION = YES;
				GCC_WARN_ABOUT_RETURN_TYPE = YES_ERROR;
				GCC_WARN_UNDECLARED_SELECTOR = YES;
				GCC_WARN_UNINITIALIZED_AUTOS = YES_AGGRESSIVE;
				GCC_WARN_UNUSED_FUNCTION = YES;
				GCC_WARN_UNUSED_VARIABLE = YES;
				INFOPLIST_KEY_UIUserInterfaceStyle = Automatic;
				IPHONEOS_DEPLOYMENT_TARGET = 17.0;
				LOCALIZATION_PREFERS_STRING_CATALOGS = YES;
				MTL_ENABLE_DEBUG_INFO = NO;
				MTL_FAST_MATH = YES;
				SDKROOT = iphoneos;
				SWIFT_COMPILATION_MODE = wholemodule;
				VALIDATE_PRODUCT = YES;
			};
			name = "Release (Production)";
		};
		CE9E82DE2BA895C500AAF885 /* Release (Production) */ = {
			isa = XCBuildConfiguration;
			buildSettings = {
				ALWAYS_EMBED_SWIFT_STANDARD_LIBRARIES = YES;
				ASSETCATALOG_COMPILER_ALTERNATE_APPICON_NAMES = "";
				ASSETCATALOG_COMPILER_APPICON_NAME = AppIcon;
				ASSETCATALOG_COMPILER_GLOBAL_ACCENT_COLOR_NAME = AccentColor;
				CODE_SIGN_ENTITLEMENTS = Arthur/Arthur.entitlements;
				CODE_SIGN_STYLE = Automatic;
				CURRENT_PROJECT_VERSION = 1;
				DEVELOPMENT_TEAM = T7CLECN442;
				ENABLE_PREVIEWS = YES;
				GENERATE_INFOPLIST_FILE = YES;
				INFOPLIST_FILE = Info.plist;
				INFOPLIST_KEY_CFBundleDisplayName = Chappie;
				INFOPLIST_KEY_LSApplicationCategoryType = "public.app-category.productivity";
				INFOPLIST_KEY_UIApplicationSceneManifest_Generation = YES;
				INFOPLIST_KEY_UIApplicationSupportsIndirectInputEvents = YES;
				INFOPLIST_KEY_UILaunchScreen_Generation = YES;
				INFOPLIST_KEY_UISupportedInterfaceOrientations = UIInterfaceOrientationPortrait;
				INFOPLIST_KEY_UISupportedInterfaceOrientations_iPad = "UIInterfaceOrientationLandscapeLeft UIInterfaceOrientationLandscapeRight UIInterfaceOrientationPortrait UIInterfaceOrientationPortraitUpsideDown";
				INFOPLIST_KEY_UIUserInterfaceStyle = Dark;
				IPHONEOS_DEPLOYMENT_TARGET = 17.0;
				LD_RUNPATH_SEARCH_PATHS = (
					"$(inherited)",
					"@executable_path/Frameworks",
				);
				LIBRARY_SEARCH_PATHS = (
					"$(inherited)",
					"$(PROJECT_DIR)/Frameworks",
				);
				MARKETING_VERSION = 1.0.0;
				OTHER_LDFLAGS = "-lc++";
				PRODUCT_BUNDLE_IDENTIFIER = DistributedLab.Arthur;
				PRODUCT_NAME = "$(TARGET_NAME)";
				SUPPORTED_PLATFORMS = "iphoneos iphonesimulator";
				SUPPORTS_MACCATALYST = NO;
				SUPPORTS_MAC_DESIGNED_FOR_IPHONE_IPAD = NO;
				SUPPORTS_XR_DESIGNED_FOR_IPHONE_IPAD = NO;
				SWIFT_ACTIVE_COMPILATION_CONDITIONS = PRODUCTION;
				SWIFT_EMIT_LOC_STRINGS = YES;
				SWIFT_OBJC_BRIDGING_HEADER = "";
				SWIFT_VERSION = 5.0;
				TARGETED_DEVICE_FAMILY = 1;
			};
			name = "Release (Production)";
		};
/* End XCBuildConfiguration section */

/* Begin XCConfigurationList section */
		CE9E82AD2BA881F400AAF885 /* Build configuration list for PBXProject "Arthur" */ = {
			isa = XCConfigurationList;
			buildConfigurations = (
				CE9E82BE2BA881F500AAF885 /* Debug (Development) */,
				CE9E82DB2BA895C300AAF885 /* Debug (Production) */,
				CE9E82BF2BA881F500AAF885 /* Release (Development) */,
				CE9E82DD2BA895C500AAF885 /* Release (Production) */,
			);
			defaultConfigurationIsVisible = 0;
			defaultConfigurationName = "Release (Development)";
		};
		CE9E82C02BA881F500AAF885 /* Build configuration list for PBXNativeTarget "Arthur" */ = {
			isa = XCConfigurationList;
			buildConfigurations = (
				CE9E82C12BA881F500AAF885 /* Debug (Development) */,
				CE9E82DC2BA895C300AAF885 /* Debug (Production) */,
				CE9E82C22BA881F500AAF885 /* Release (Development) */,
				CE9E82DE2BA895C500AAF885 /* Release (Production) */,
			);
			defaultConfigurationIsVisible = 0;
			defaultConfigurationName = "Release (Development)";
		};
/* End XCConfigurationList section */

/* Begin XCRemoteSwiftPackageReference section */
		56E2D9302BD01E71006E725D /* XCRemoteSwiftPackageReference "NFCPassportReader" */ = {
			isa = XCRemoteSwiftPackageReference;
			repositoryURL = "git@github.com:rarimo/NFCPassportReader.git";
			requirement = {
				kind = revision;
				revision = 4c463a687f59eb6cc5c7955af854c7d41295d54f;
			};
		};
		CE61E8812C24240000940129 /* XCRemoteSwiftPackageReference "Semaphore" */ = {
			isa = XCRemoteSwiftPackageReference;
			repositoryURL = "git@github.com:groue/Semaphore.git";
			requirement = {
				kind = exactVersion;
				version = 0.0.8;
			};
		};
		CE68BE432BD9B6EA00D92EBB /* XCRemoteSwiftPackageReference "Web3.swift" */ = {
			isa = XCRemoteSwiftPackageReference;
			repositoryURL = "https://github.com/Boilertalk/Web3.swift.git";
			requirement = {
				kind = exactVersion;
				version = 0.8.7;
			};
		};
		CE72102C2BD7F6780043DB7F /* XCRemoteSwiftPackageReference "Alamofire" */ = {
			isa = XCRemoteSwiftPackageReference;
			repositoryURL = "git@github.com:Alamofire/Alamofire.git";
			requirement = {
				kind = exactVersion;
				version = 5.9.1;
			};
		};
		CE9347712C205B340034885C /* XCRemoteSwiftPackageReference "swiftui-cached-async-image" */ = {
			isa = XCRemoteSwiftPackageReference;
			repositoryURL = "git@github.com:lorenzofiamingo/swiftui-cached-async-image.git";
			requirement = {
				kind = exactVersion;
				version = 2.1.1;
			};
		};
/* End XCRemoteSwiftPackageReference section */

/* Begin XCSwiftPackageProductDependency section */
		56E2D9312BD01E71006E725D /* NFCPassportReader */ = {
			isa = XCSwiftPackageProductDependency;
			package = 56E2D9302BD01E71006E725D /* XCRemoteSwiftPackageReference "NFCPassportReader" */;
			productName = NFCPassportReader;
		};
		CE61E8822C24240000940129 /* Semaphore */ = {
			isa = XCSwiftPackageProductDependency;
			package = CE61E8812C24240000940129 /* XCRemoteSwiftPackageReference "Semaphore" */;
			productName = Semaphore;
		};
		CE68BE442BD9B6EA00D92EBB /* Web3 */ = {
			isa = XCSwiftPackageProductDependency;
			package = CE68BE432BD9B6EA00D92EBB /* XCRemoteSwiftPackageReference "Web3.swift" */;
			productName = Web3;
		};
		CE68BE462BD9B6EA00D92EBB /* Web3ContractABI */ = {
			isa = XCSwiftPackageProductDependency;
			package = CE68BE432BD9B6EA00D92EBB /* XCRemoteSwiftPackageReference "Web3.swift" */;
			productName = Web3ContractABI;
		};
		CE68BE482BD9B6EA00D92EBB /* Web3PromiseKit */ = {
			isa = XCSwiftPackageProductDependency;
			package = CE68BE432BD9B6EA00D92EBB /* XCRemoteSwiftPackageReference "Web3.swift" */;
			productName = Web3PromiseKit;
		};
		CE72102D2BD7F6780043DB7F /* Alamofire */ = {
			isa = XCSwiftPackageProductDependency;
			package = CE72102C2BD7F6780043DB7F /* XCRemoteSwiftPackageReference "Alamofire" */;
			productName = Alamofire;
		};
		CE9347722C205B340034885C /* CachedAsyncImage */ = {
			isa = XCSwiftPackageProductDependency;
			package = CE9347712C205B340034885C /* XCRemoteSwiftPackageReference "swiftui-cached-async-image" */;
			productName = CachedAsyncImage;
		};
/* End XCSwiftPackageProductDependency section */
	};
	rootObject = CE9E82AA2BA881F400AAF885 /* Project object */;
}
